// !$*UTF8*$!
{
	archiveVersion = 1;
	classes = {
	};
	objectVersion = 55;
	objects = {

/* Begin PBXBuildFile section */
		D8E07E00289ABCF5007E0AE3 /* BookClubApp.swift in Sources */ = {isa = PBXBuildFile; fileRef = D8E07DFF289ABCF5007E0AE3 /* BookClubApp.swift */; };
		D8E07E02289ABCF5007E0AE3 /* ContentView.swift in Sources */ = {isa = PBXBuildFile; fileRef = D8E07E01289ABCF5007E0AE3 /* ContentView.swift */; };
		D8E07E04289ABCF7007E0AE3 /* Assets.xcassets in Resources */ = {isa = PBXBuildFile; fileRef = D8E07E03289ABCF7007E0AE3 /* Assets.xcassets */; };
		D8E07E07289ABCF7007E0AE3 /* Preview Assets.xcassets in Resources */ = {isa = PBXBuildFile; fileRef = D8E07E06289ABCF7007E0AE3 /* Preview Assets.xcassets */; };
		D8E07E11289ABCF8007E0AE3 /* BookClubTests.swift in Sources */ = {isa = PBXBuildFile; fileRef = D8E07E10289ABCF8007E0AE3 /* BookClubTests.swift */; };
		D8E07E1B289ABCF8007E0AE3 /* BookClubUITests.swift in Sources */ = {isa = PBXBuildFile; fileRef = D8E07E1A289ABCF8007E0AE3 /* BookClubUITests.swift */; };
		D8E07E1D289ABCF8007E0AE3 /* BookClubUITestsLaunchTests.swift in Sources */ = {isa = PBXBuildFile; fileRef = D8E07E1C289ABCF8007E0AE3 /* BookClubUITestsLaunchTests.swift */; };
/* End PBXBuildFile section */

/* Begin PBXContainerItemProxy section */
		D8E07E0D289ABCF7007E0AE3 /* PBXContainerItemProxy */ = {
			isa = PBXContainerItemProxy;
			containerPortal = D8E07DF4289ABCF5007E0AE3 /* Project object */;
			proxyType = 1;
			remoteGlobalIDString = D8E07DFB289ABCF5007E0AE3;
			remoteInfo = BookClub;
		};
		D8E07E17289ABCF8007E0AE3 /* PBXContainerItemProxy */ = {
			isa = PBXContainerItemProxy;
			containerPortal = D8E07DF4289ABCF5007E0AE3 /* Project object */;
			proxyType = 1;
			remoteGlobalIDString = D8E07DFB289ABCF5007E0AE3;
			remoteInfo = BookClub;
		};
/* End PBXContainerItemProxy section */

/* Begin PBXFileReference section */
		D8E07DFC289ABCF5007E0AE3 /* BookClub.app */ = {isa = PBXFileReference; explicitFileType = wrapper.application; includeInIndex = 0; path = BookClub.app; sourceTree = BUILT_PRODUCTS_DIR; };
		D8E07DFF289ABCF5007E0AE3 /* BookClubApp.swift */ = {isa = PBXFileReference; lastKnownFileType = sourcecode.swift; path = BookClubApp.swift; sourceTree = "<group>"; };
		D8E07E01289ABCF5007E0AE3 /* ContentView.swift */ = {isa = PBXFileReference; lastKnownFileType = sourcecode.swift; path = ContentView.swift; sourceTree = "<group>"; };
		D8E07E03289ABCF7007E0AE3 /* Assets.xcassets */ = {isa = PBXFileReference; lastKnownFileType = folder.assetcatalog; path = Assets.xcassets; sourceTree = "<group>"; };
		D8E07E06289ABCF7007E0AE3 /* Preview Assets.xcassets */ = {isa = PBXFileReference; lastKnownFileType = folder.assetcatalog; path = "Preview Assets.xcassets"; sourceTree = "<group>"; };
		D8E07E0C289ABCF7007E0AE3 /* BookClubTests.xctest */ = {isa = PBXFileReference; explicitFileType = wrapper.cfbundle; includeInIndex = 0; path = BookClubTests.xctest; sourceTree = BUILT_PRODUCTS_DIR; };
		D8E07E10289ABCF8007E0AE3 /* BookClubTests.swift */ = {isa = PBXFileReference; lastKnownFileType = sourcecode.swift; path = BookClubTests.swift; sourceTree = "<group>"; };
		D8E07E16289ABCF8007E0AE3 /* BookClubUITests.xctest */ = {isa = PBXFileReference; explicitFileType = wrapper.cfbundle; includeInIndex = 0; path = BookClubUITests.xctest; sourceTree = BUILT_PRODUCTS_DIR; };
		D8E07E1A289ABCF8007E0AE3 /* BookClubUITests.swift */ = {isa = PBXFileReference; lastKnownFileType = sourcecode.swift; path = BookClubUITests.swift; sourceTree = "<group>"; };
		D8E07E1C289ABCF8007E0AE3 /* BookClubUITestsLaunchTests.swift */ = {isa = PBXFileReference; lastKnownFileType = sourcecode.swift; path = BookClubUITestsLaunchTests.swift; sourceTree = "<group>"; };
/* End PBXFileReference section */

/* Begin PBXFrameworksBuildPhase section */
		D8E07DF9289ABCF5007E0AE3 /* Frameworks */ = {
			isa = PBXFrameworksBuildPhase;
			buildActionMask = 2147483647;
			files = (
			);
			runOnlyForDeploymentPostprocessing = 0;
		};
		D8E07E09289ABCF7007E0AE3 /* Frameworks */ = {
			isa = PBXFrameworksBuildPhase;
			buildActionMask = 2147483647;
			files = (
			);
			runOnlyForDeploymentPostprocessing = 0;
		};
		D8E07E13289ABCF8007E0AE3 /* Frameworks */ = {
			isa = PBXFrameworksBuildPhase;
			buildActionMask = 2147483647;
			files = (
			);
			runOnlyForDeploymentPostprocessing = 0;
		};
/* End PBXFrameworksBuildPhase section */

/* Begin PBXGroup section */
		D8E07DF3289ABCF5007E0AE3 = {
			isa = PBXGroup;
			children = (
				D8E07DFE289ABCF5007E0AE3 /* BookClub */,
				D8E07E0F289ABCF7007E0AE3 /* BookClubTests */,
				D8E07E19289ABCF8007E0AE3 /* BookClubUITests */,
				D8E07DFD289ABCF5007E0AE3 /* Products */,
			);
			sourceTree = "<group>";
		};
		D8E07DFD289ABCF5007E0AE3 /* Products */ = {
			isa = PBXGroup;
			children = (
				D8E07DFC289ABCF5007E0AE3 /* BookClub.app */,
				D8E07E0C289ABCF7007E0AE3 /* BookClubTests.xctest */,
				D8E07E16289ABCF8007E0AE3 /* BookClubUITests.xctest */,
			);
			name = Products;
			sourceTree = "<group>";
		};
		D8E07DFE289ABCF5007E0AE3 /* BookClub */ = {
			isa = PBXGroup;
			children = (
				D8E07DFF289ABCF5007E0AE3 /* BookClubApp.swift */,
				D8E07E01289ABCF5007E0AE3 /* ContentView.swift */,
				D8E07E03289ABCF7007E0AE3 /* Assets.xcassets */,
				D8E07E05289ABCF7007E0AE3 /* Preview Content */,
			);
			path = BookClub;
			sourceTree = "<group>";
		};
		D8E07E05289ABCF7007E0AE3 /* Preview Content */ = {
			isa = PBXGroup;
			children = (
				D8E07E06289ABCF7007E0AE3 /* Preview Assets.xcassets */,
			);
			path = "Preview Content";
			sourceTree = "<group>";
		};
		D8E07E0F289ABCF7007E0AE3 /* BookClubTests */ = {
			isa = PBXGroup;
			children = (
				D8E07E10289ABCF8007E0AE3 /* BookClubTests.swift */,
			);
			path = BookClubTests;
			sourceTree = "<group>";
		};
		D8E07E19289ABCF8007E0AE3 /* BookClubUITests */ = {
			isa = PBXGroup;
			children = (
				D8E07E1A289ABCF8007E0AE3 /* BookClubUITests.swift */,
				D8E07E1C289ABCF8007E0AE3 /* BookClubUITestsLaunchTests.swift */,
			);
			path = BookClubUITests;
			sourceTree = "<group>";
		};
/* End PBXGroup section */

/* Begin PBXNativeTarget section */
		D8E07DFB289ABCF5007E0AE3 /* BookClub */ = {
			isa = PBXNativeTarget;
			buildConfigurationList = D8E07E20289ABCF8007E0AE3 /* Build configuration list for PBXNativeTarget "BookClub" */;
			buildPhases = (
				D8E07DF8289ABCF5007E0AE3 /* Sources */,
				D8E07DF9289ABCF5007E0AE3 /* Frameworks */,
				D8E07DFA289ABCF5007E0AE3 /* Resources */,
			);
			buildRules = (
			);
			dependencies = (
			);
			name = BookClub;
			productName = BookClub;
			productReference = D8E07DFC289ABCF5007E0AE3 /* BookClub.app */;
			productType = "com.apple.product-type.application";
		};
		D8E07E0B289ABCF7007E0AE3 /* BookClubTests */ = {
			isa = PBXNativeTarget;
			buildConfigurationList = D8E07E23289ABCF8007E0AE3 /* Build configuration list for PBXNativeTarget "BookClubTests" */;
			buildPhases = (
				D8E07E08289ABCF7007E0AE3 /* Sources */,
				D8E07E09289ABCF7007E0AE3 /* Frameworks */,
				D8E07E0A289ABCF7007E0AE3 /* Resources */,
			);
			buildRules = (
			);
			dependencies = (
				D8E07E0E289ABCF7007E0AE3 /* PBXTargetDependency */,
			);
			name = BookClubTests;
			productName = BookClubTests;
			productReference = D8E07E0C289ABCF7007E0AE3 /* BookClubTests.xctest */;
			productType = "com.apple.product-type.bundle.unit-test";
		};
		D8E07E15289ABCF8007E0AE3 /* BookClubUITests */ = {
			isa = PBXNativeTarget;
			buildConfigurationList = D8E07E26289ABCF8007E0AE3 /* Build configuration list for PBXNativeTarget "BookClubUITests" */;
			buildPhases = (
				D8E07E12289ABCF8007E0AE3 /* Sources */,
				D8E07E13289ABCF8007E0AE3 /* Frameworks */,
				D8E07E14289ABCF8007E0AE3 /* Resources */,
			);
			buildRules = (
			);
			dependencies = (
				D8E07E18289ABCF8007E0AE3 /* PBXTargetDependency */,
			);
			name = BookClubUITests;
			productName = BookClubUITests;
			productReference = D8E07E16289ABCF8007E0AE3 /* BookClubUITests.xctest */;
			productType = "com.apple.product-type.bundle.ui-testing";
		};
/* End PBXNativeTarget section */

/* Begin PBXProject section */
		D8E07DF4289ABCF5007E0AE3 /* Project object */ = {
			isa = PBXProject;
			attributes = {
				BuildIndependentTargetsInParallel = 1;
				LastSwiftUpdateCheck = 1320;
				LastUpgradeCheck = 1320;
				TargetAttributes = {
					D8E07DFB289ABCF5007E0AE3 = {
						CreatedOnToolsVersion = 13.2.1;
					};
					D8E07E0B289ABCF7007E0AE3 = {
						CreatedOnToolsVersion = 13.2.1;
						TestTargetID = D8E07DFB289ABCF5007E0AE3;
					};
					D8E07E15289ABCF8007E0AE3 = {
						CreatedOnToolsVersion = 13.2.1;
						TestTargetID = D8E07DFB289ABCF5007E0AE3;
					};
				};
			};
			buildConfigurationList = D8E07DF7289ABCF5007E0AE3 /* Build configuration list for PBXProject "BookClub" */;
			compatibilityVersion = "Xcode 13.0";
			developmentRegion = en;
			hasScannedForEncodings = 0;
			knownRegions = (
				en,
				Base,
			);
			mainGroup = D8E07DF3289ABCF5007E0AE3;
			productRefGroup = D8E07DFD289ABCF5007E0AE3 /* Products */;
			projectDirPath = "";
			projectRoot = "";
			targets = (
				D8E07DFB289ABCF5007E0AE3 /* BookClub */,
				D8E07E0B289ABCF7007E0AE3 /* BookClubTests */,
				D8E07E15289ABCF8007E0AE3 /* BookClubUITests */,
			);
		};
/* End PBXProject section */

/* Begin PBXResourcesBuildPhase section */
		D8E07DFA289ABCF5007E0AE3 /* Resources */ = {
			isa = PBXResourcesBuildPhase;
			buildActionMask = 2147483647;
			files = (
				D8E07E07289ABCF7007E0AE3 /* Preview Assets.xcassets in Resources */,
				D8E07E04289ABCF7007E0AE3 /* Assets.xcassets in Resources */,
			);
			runOnlyForDeploymentPostprocessing = 0;
		};
		D8E07E0A289ABCF7007E0AE3 /* Resources */ = {
			isa = PBXResourcesBuildPhase;
			buildActionMask = 2147483647;
			files = (
			);
			runOnlyForDeploymentPostprocessing = 0;
		};
		D8E07E14289ABCF8007E0AE3 /* Resources */ = {
			isa = PBXResourcesBuildPhase;
			buildActionMask = 2147483647;
			files = (
			);
			runOnlyForDeploymentPostprocessing = 0;
		};
/* End PBXResourcesBuildPhase section */

/* Begin PBXSourcesBuildPhase section */
		D8E07DF8289ABCF5007E0AE3 /* Sources */ = {
			isa = PBXSourcesBuildPhase;
			buildActionMask = 2147483647;
			files = (
				D8E07E02289ABCF5007E0AE3 /* ContentView.swift in Sources */,
				D8E07E00289ABCF5007E0AE3 /* BookClubApp.swift in Sources */,
			);
			runOnlyForDeploymentPostprocessing = 0;
		};
		D8E07E08289ABCF7007E0AE3 /* Sources */ = {
			isa = PBXSourcesBuildPhase;
			buildActionMask = 2147483647;
			files = (
				D8E07E11289ABCF8007E0AE3 /* BookClubTests.swift in Sources */,
			);
			runOnlyForDeploymentPostprocessing = 0;
		};
		D8E07E12289ABCF8007E0AE3 /* Sources */ = {
			isa = PBXSourcesBuildPhase;
			buildActionMask = 2147483647;
			files = (
				D8E07E1D289ABCF8007E0AE3 /* BookClubUITestsLaunchTests.swift in Sources */,
				D8E07E1B289ABCF8007E0AE3 /* BookClubUITests.swift in Sources */,
			);
			runOnlyForDeploymentPostprocessing = 0;
		};
/* End PBXSourcesBuildPhase section */

/* Begin PBXTargetDependency section */
		D8E07E0E289ABCF7007E0AE3 /* PBXTargetDependency */ = {
			isa = PBXTargetDependency;
			target = D8E07DFB289ABCF5007E0AE3 /* BookClub */;
			targetProxy = D8E07E0D289ABCF7007E0AE3 /* PBXContainerItemProxy */;
		};
		D8E07E18289ABCF8007E0AE3 /* PBXTargetDependency */ = {
			isa = PBXTargetDependency;
			target = D8E07DFB289ABCF5007E0AE3 /* BookClub */;
			targetProxy = D8E07E17289ABCF8007E0AE3 /* PBXContainerItemProxy */;
		};
/* End PBXTargetDependency section */

/* Begin XCBuildConfiguration section */
		D8E07E1E289ABCF8007E0AE3 /* Debug */ = {
			isa = XCBuildConfiguration;
			buildSettings = {
				ALWAYS_SEARCH_USER_PATHS = NO;
				CLANG_ANALYZER_NONNULL = YES;
				CLANG_ANALYZER_NUMBER_OBJECT_CONVERSION = YES_AGGRESSIVE;
				CLANG_CXX_LANGUAGE_STANDARD = "gnu++17";
				CLANG_CXX_LIBRARY = "libc++";
				CLANG_ENABLE_MODULES = YES;
				CLANG_ENABLE_OBJC_ARC = YES;
				CLANG_ENABLE_OBJC_WEAK = YES;
				CLANG_WARN_BLOCK_CAPTURE_AUTORELEASING = YES;
				CLANG_WARN_BOOL_CONVERSION = YES;
				CLANG_WARN_COMMA = YES;
				CLANG_WARN_CONSTANT_CONVERSION = YES;
				CLANG_WARN_DEPRECATED_OBJC_IMPLEMENTATIONS = YES;
				CLANG_WARN_DIRECT_OBJC_ISA_USAGE = YES_ERROR;
				CLANG_WARN_DOCUMENTATION_COMMENTS = YES;
				CLANG_WARN_EMPTY_BODY = YES;
				CLANG_WARN_ENUM_CONVERSION = YES;
				CLANG_WARN_INFINITE_RECURSION = YES;
				CLANG_WARN_INT_CONVERSION = YES;
				CLANG_WARN_NON_LITERAL_NULL_CONVERSION = YES;
				CLANG_WARN_OBJC_IMPLICIT_RETAIN_SELF = YES;
				CLANG_WARN_OBJC_LITERAL_CONVERSION = YES;
				CLANG_WARN_OBJC_ROOT_CLASS = YES_ERROR;
				CLANG_WARN_QUOTED_INCLUDE_IN_FRAMEWORK_HEADER = YES;
				CLANG_WARN_RANGE_LOOP_ANALYSIS = YES;
				CLANG_WARN_STRICT_PROTOTYPES = YES;
				CLANG_WARN_SUSPICIOUS_MOVE = YES;
				CLANG_WARN_UNGUARDED_AVAILABILITY = YES_AGGRESSIVE;
				CLANG_WARN_UNREACHABLE_CODE = YES;
				CLANG_WARN__DUPLICATE_METHOD_MATCH = YES;
				COPY_PHASE_STRIP = NO;
				DEBUG_INFORMATION_FORMAT = dwarf;
				ENABLE_STRICT_OBJC_MSGSEND = YES;
				ENABLE_TESTABILITY = YES;
				GCC_C_LANGUAGE_STANDARD = gnu11;
				GCC_DYNAMIC_NO_PIC = NO;
				GCC_NO_COMMON_BLOCKS = YES;
				GCC_OPTIMIZATION_LEVEL = 0;
				GCC_PREPROCESSOR_DEFINITIONS = (
					"DEBUG=1",
					"$(inherited)",
				);
				GCC_WARN_64_TO_32_BIT_CONVERSION = YES;
				GCC_WARN_ABOUT_RETURN_TYPE = YES_ERROR;
				GCC_WARN_UNDECLARED_SELECTOR = YES;
				GCC_WARN_UNINITIALIZED_AUTOS = YES_AGGRESSIVE;
				GCC_WARN_UNUSED_FUNCTION = YES;
				GCC_WARN_UNUSED_VARIABLE = YES;
				IPHONEOS_DEPLOYMENT_TARGET = 15.2;
				MTL_ENABLE_DEBUG_INFO = INCLUDE_SOURCE;
				MTL_FAST_MATH = YES;
				ONLY_ACTIVE_ARCH = YES;
				SDKROOT = iphoneos;
				SWIFT_ACTIVE_COMPILATION_CONDITIONS = DEBUG;
				SWIFT_OPTIMIZATION_LEVEL = "-Onone";
			};
			name = Debug;
		};
		D8E07E1F289ABCF8007E0AE3 /* Release */ = {
			isa = XCBuildConfiguration;
			buildSettings = {
				ALWAYS_SEARCH_USER_PATHS = NO;
				CLANG_ANALYZER_NONNULL = YES;
				CLANG_ANALYZER_NUMBER_OBJECT_CONVERSION = YES_AGGRESSIVE;
				CLANG_CXX_LANGUAGE_STANDARD = "gnu++17";
				CLANG_CXX_LIBRARY = "libc++";
				CLANG_ENABLE_MODULES = YES;
				CLANG_ENABLE_OBJC_ARC = YES;
				CLANG_ENABLE_OBJC_WEAK = YES;
				CLANG_WARN_BLOCK_CAPTURE_AUTORELEASING = YES;
				CLANG_WARN_BOOL_CONVERSION = YES;
				CLANG_WARN_COMMA = YES;
				CLANG_WARN_CONSTANT_CONVERSION = YES;
				CLANG_WARN_DEPRECATED_OBJC_IMPLEMENTATIONS = YES;
				CLANG_WARN_DIRECT_OBJC_ISA_USAGE = YES_ERROR;
				CLANG_WARN_DOCUMENTATION_COMMENTS = YES;
				CLANG_WARN_EMPTY_BODY = YES;
				CLANG_WARN_ENUM_CONVERSION = YES;
				CLANG_WARN_INFINITE_RECURSION = YES;
				CLANG_WARN_INT_CONVERSION = YES;
				CLANG_WARN_NON_LITERAL_NULL_CONVERSION = YES;
				CLANG_WARN_OBJC_IMPLICIT_RETAIN_SELF = YES;
				CLANG_WARN_OBJC_LITERAL_CONVERSION = YES;
				CLANG_WARN_OBJC_ROOT_CLASS = YES_ERROR;
				CLANG_WARN_QUOTED_INCLUDE_IN_FRAMEWORK_HEADER = YES;
				CLANG_WARN_RANGE_LOOP_ANALYSIS = YES;
				CLANG_WARN_STRICT_PROTOTYPES = YES;
				CLANG_WARN_SUSPICIOUS_MOVE = YES;
				CLANG_WARN_UNGUARDED_AVAILABILITY = YES_AGGRESSIVE;
				CLANG_WARN_UNREACHABLE_CODE = YES;
				CLANG_WARN__DUPLICATE_METHOD_MATCH = YES;
				COPY_PHASE_STRIP = NO;
				DEBUG_INFORMATION_FORMAT = "dwarf-with-dsym";
				ENABLE_NS_ASSERTIONS = NO;
				ENABLE_STRICT_OBJC_MSGSEND = YES;
				GCC_C_LANGUAGE_STANDARD = gnu11;
				GCC_NO_COMMON_BLOCKS = YES;
				GCC_WARN_64_TO_32_BIT_CONVERSION = YES;
				GCC_WARN_ABOUT_RETURN_TYPE = YES_ERROR;
				GCC_WARN_UNDECLARED_SELECTOR = YES;
				GCC_WARN_UNINITIALIZED_AUTOS = YES_AGGRESSIVE;
				GCC_WARN_UNUSED_FUNCTION = YES;
				GCC_WARN_UNUSED_VARIABLE = YES;
				IPHONEOS_DEPLOYMENT_TARGET = 15.2;
				MTL_ENABLE_DEBUG_INFO = NO;
				MTL_FAST_MATH = YES;
				SDKROOT = iphoneos;
				SWIFT_COMPILATION_MODE = wholemodule;
				SWIFT_OPTIMIZATION_LEVEL = "-O";
				VALIDATE_PRODUCT = YES;
			};
			name = Release;
		};
		D8E07E21289ABCF8007E0AE3 /* Debug */ = {
			isa = XCBuildConfiguration;
			buildSettings = {
				ASSETCATALOG_COMPILER_APPICON_NAME = AppIcon;
				ASSETCATALOG_COMPILER_GLOBAL_ACCENT_COLOR_NAME = AccentColor;
				CODE_SIGN_STYLE = Automatic;
				CURRENT_PROJECT_VERSION = 1;
				DEVELOPMENT_ASSET_PATHS = "\"BookClub/Preview Content\"";
				ENABLE_PREVIEWS = YES;
				GENERATE_INFOPLIST_FILE = YES;
				INFOPLIST_KEY_UIApplicationSceneManifest_Generation = YES;
				INFOPLIST_KEY_UIApplicationSupportsIndirectInputEvents = YES;
				INFOPLIST_KEY_UILaunchScreen_Generation = YES;
				INFOPLIST_KEY_UISupportedInterfaceOrientations_iPad = "UIInterfaceOrientationPortrait UIInterfaceOrientationPortraitUpsideDown UIInterfaceOrientationLandscapeLeft UIInterfaceOrientationLandscapeRight";
				INFOPLIST_KEY_UISupportedInterfaceOrientations_iPhone = "UIInterfaceOrientationPortrait UIInterfaceOrientationLandscapeLeft UIInterfaceOrientationLandscapeRight";
				LD_RUNPATH_SEARCH_PATHS = (
					"$(inherited)",
					"@executable_path/Frameworks",
				);
				MARKETING_VERSION = 1.0;
				PRODUCT_BUNDLE_IDENTIFIER = EricD.BookClub;
				PRODUCT_NAME = "$(TARGET_NAME)";
				SWIFT_EMIT_LOC_STRINGS = YES;
				SWIFT_VERSION = 5.0;
				TARGETED_DEVICE_FAMILY = "1,2";
			};
			name = Debug;
		};
		D8E07E22289ABCF8007E0AE3 /* Release */ = {
			isa = XCBuildConfiguration;
			buildSettings = {
				ASSETCATALOG_COMPILER_APPICON_NAME = AppIcon;
				ASSETCATALOG_COMPILER_GLOBAL_ACCENT_COLOR_NAME = AccentColor;
				CODE_SIGN_STYLE = Automatic;
				CURRENT_PROJECT_VERSION = 1;
				DEVELOPMENT_ASSET_PATHS = "\"BookClub/Preview Content\"";
				ENABLE_PREVIEWS = YES;
				GENERATE_INFOPLIST_FILE = YES;
				INFOPLIST_KEY_UIApplicationSceneManifest_Generation = YES;
				INFOPLIST_KEY_UIApplicationSupportsIndirectInputEvents = YES;
				INFOPLIST_KEY_UILaunchScreen_Generation = YES;
				INFOPLIST_KEY_UISupportedInterfaceOrientations_iPad = "UIInterfaceOrientationPortrait UIInterfaceOrientationPortraitUpsideDown UIInterfaceOrientationLandscapeLeft UIInterfaceOrientationLandscapeRight";
				INFOPLIST_KEY_UISupportedInterfaceOrientations_iPhone = "UIInterfaceOrientationPortrait UIInterfaceOrientationLandscapeLeft UIInterfaceOrientationLandscapeRight";
				LD_RUNPATH_SEARCH_PATHS = (
					"$(inherited)",
					"@executable_path/Frameworks",
				);
				MARKETING_VERSION = 1.0;
				PRODUCT_BUNDLE_IDENTIFIER = EricD.BookClub;
				PRODUCT_NAME = "$(TARGET_NAME)";
				SWIFT_EMIT_LOC_STRINGS = YES;
				SWIFT_VERSION = 5.0;
				TARGETED_DEVICE_FAMILY = "1,2";
			};
			name = Release;
		};
		D8E07E24289ABCF8007E0AE3 /* Debug */ = {
			isa = XCBuildConfiguration;
			buildSettings = {
				ALWAYS_EMBED_SWIFT_STANDARD_LIBRARIES = YES;
				BUNDLE_LOADER = "$(TEST_HOST)";
				CODE_SIGN_STYLE = Automatic;
				CURRENT_PROJECT_VERSION = 1;
				GENERATE_INFOPLIST_FILE = YES;
				IPHONEOS_DEPLOYMENT_TARGET = 15.2;
				MARKETING_VERSION = 1.0;
				PRODUCT_BUNDLE_IDENTIFIER = EricD.BookClubTests;
				PRODUCT_NAME = "$(TARGET_NAME)";
				SWIFT_EMIT_LOC_STRINGS = NO;
				SWIFT_VERSION = 5.0;
				TARGETED_DEVICE_FAMILY = "1,2";
				TEST_HOST = "$(BUILT_PRODUCTS_DIR)/BookClub.app/BookClub";
			};
			name = Debug;
		};
		D8E07E25289ABCF8007E0AE3 /* Release */ = {
			isa = XCBuildConfiguration;
			buildSettings = {
				ALWAYS_EMBED_SWIFT_STANDARD_LIBRARIES = YES;
				BUNDLE_LOADER = "$(TEST_HOST)";
				CODE_SIGN_STYLE = Automatic;
				CURRENT_PROJECT_VERSION = 1;
				GENERATE_INFOPLIST_FILE = YES;
				IPHONEOS_DEPLOYMENT_TARGET = 15.2;
				MARKETING_VERSION = 1.0;
				PRODUCT_BUNDLE_IDENTIFIER = EricD.BookClubTests;
				PRODUCT_NAME = "$(TARGET_NAME)";
				SWIFT_EMIT_LOC_STRINGS = NO;
				SWIFT_VERSION = 5.0;
				TARGETED_DEVICE_FAMILY = "1,2";
				TEST_HOST = "$(BUILT_PRODUCTS_DIR)/BookClub.app/BookClub";
			};
			name = Release;
		};
		D8E07E27289ABCF8007E0AE3 /* Debug */ = {
			isa = XCBuildConfiguration;
			buildSettings = {
				ALWAYS_EMBED_SWIFT_STANDARD_LIBRARIES = YES;
				CODE_SIGN_STYLE = Automatic;
				CURRENT_PROJECT_VERSION = 1;
				GENERATE_INFOPLIST_FILE = YES;
				MARKETING_VERSION = 1.0;
				PRODUCT_BUNDLE_IDENTIFIER = EricD.BookClubUITests;
				PRODUCT_NAME = "$(TARGET_NAME)";
				SWIFT_EMIT_LOC_STRINGS = NO;
				SWIFT_VERSION = 5.0;
				TARGETED_DEVICE_FAMILY = "1,2";
				TEST_TARGET_NAME = BookClub;
			};
			name = Debug;
		};
		D8E07E28289ABCF8007E0AE3 /* Release */ = {
			isa = XCBuildConfiguration;
			buildSettings = {
				ALWAYS_EMBED_SWIFT_STANDARD_LIBRARIES = YES;
				CODE_SIGN_STYLE = Automatic;
				CURRENT_PROJECT_VERSION = 1;
				GENERATE_INFOPLIST_FILE = YES;
				MARKETING_VERSION = 1.0;
				PRODUCT_BUNDLE_IDENTIFIER = EricD.BookClubUITests;
				PRODUCT_NAME = "$(TARGET_NAME)";
				SWIFT_EMIT_LOC_STRINGS = NO;
				SWIFT_VERSION = 5.0;
				TARGETED_DEVICE_FAMILY = "1,2";
				TEST_TARGET_NAME = BookClub;
			};
			name = Release;
		};
/* End XCBuildConfiguration section */

/* Begin XCConfigurationList section */
		D8E07DF7289ABCF5007E0AE3 /* Build configuration list for PBXProject "BookClub" */ = {
			isa = XCConfigurationList;
			buildConfigurations = (
				D8E07E1E289ABCF8007E0AE3 /* Debug */,
				D8E07E1F289ABCF8007E0AE3 /* Release */,
			);
			defaultConfigurationIsVisible = 0;
			defaultConfigurationName = Release;
		};
		D8E07E20289ABCF8007E0AE3 /* Build configuration list for PBXNativeTarget "BookClub" */ = {
			isa = XCConfigurationList;
			buildConfigurations = (
				D8E07E21289ABCF8007E0AE3 /* Debug */,
				D8E07E22289ABCF8007E0AE3 /* Release */,
			);
			defaultConfigurationIsVisible = 0;
			defaultConfigurationName = Release;
		};
		D8E07E23289ABCF8007E0AE3 /* Build configuration list for PBXNativeTarget "BookClubTests" */ = {
			isa = XCConfigurationList;
			buildConfigurations = (
				D8E07E24289ABCF8007E0AE3 /* Debug */,
				D8E07E25289ABCF8007E0AE3 /* Release */,
			);
			defaultConfigurationIsVisible = 0;
			defaultConfigurationName = Release;
		};
		D8E07E26289ABCF8007E0AE3 /* Build configuration list for PBXNativeTarget "BookClubUITests" */ = {
			isa = XCConfigurationList;
			buildConfigurations = (
				D8E07E27289ABCF8007E0AE3 /* Debug */,
				D8E07E28289ABCF8007E0AE3 /* Release */,
			);
			defaultConfigurationIsVisible = 0;
			defaultConfigurationName = Release;
		};
/* End XCConfigurationList section */
	};
	rootObject = D8E07DF4289ABCF5007E0AE3 /* Project object */;
}
